{
  "name": "producttable-jsx",
  "lockfileVersion": 3,
  "requires": true,
  "packages": {
    "": {
      "dependencies": {
        "@sencha/ext": "^7.8.0"
      }
    },
    "node_modules/@sencha/ext": {
      "version": "7.8.0",
      "resolved": "https://registry.npmjs.org/@sencha/ext/-/ext-7.8.0.tgz",
      "integrity": "sha512-lokTIWzXuEP96yqKFhH4L9nct/XQtTbFdYcBCepf0TQIMLj+DCpSwVPQNabCXzTvDL1U5jVusNMKZujiz6z5cg==",
      "hasInstallScript": true,
      "dependencies": {
        "@sencha/ext-core": "7.8.0"
      }
    },
    "node_modules/@sencha/ext-core": {
      "version": "7.8.0",
      "resolved": "https://registry.npmjs.org/@sencha/ext-core/-/ext-core-7.8.0.tgz",
      "integrity": "sha512-a6YhO6s9OHf5/dSfvhv1BpQU+FDhTa3ihpOwYnb5qbwnR4Qu03nwALgh0l4at8zAZYZJqw9Y0mfPL3RbRth3rw==",
      "hasInstallScript": true
    }
  }
}
